// !$*UTF8*$!
{
	archiveVersion = 1;
	classes = {
	};
	objectVersion = 50;
	objects = {

/* Begin PBXBuildFile section */
		CE48D35B2386C7BE00B03DDA /* AppDelegate.swift in Sources */ = {isa = PBXBuildFile; fileRef = CE48D35A2386C7BE00B03DDA /* AppDelegate.swift */; };
		CE48D35D2386C7BE00B03DDA /* ViewController.swift in Sources */ = {isa = PBXBuildFile; fileRef = CE48D35C2386C7BE00B03DDA /* ViewController.swift */; };
		CE48D3602386C7BE00B03DDA /* Main.storyboard in Resources */ = {isa = PBXBuildFile; fileRef = CE48D35E2386C7BE00B03DDA /* Main.storyboard */; };
		CE48D3622386C7C000B03DDA /* Assets.xcassets in Resources */ = {isa = PBXBuildFile; fileRef = CE48D3612386C7C000B03DDA /* Assets.xcassets */; };
		CE48D3652386C7C000B03DDA /* LaunchScreen.storyboard in Resources */ = {isa = PBXBuildFile; fileRef = CE48D3632386C7C000B03DDA /* LaunchScreen.storyboard */; };
		CE48D3702386C7C000B03DDA /* ClockTests.swift in Sources */ = {isa = PBXBuildFile; fileRef = CE48D36F2386C7C000B03DDA /* ClockTests.swift */; };
		CE48D37B2386C7C000B03DDA /* ClockUITests.swift in Sources */ = {isa = PBXBuildFile; fileRef = CE48D37A2386C7C000B03DDA /* ClockUITests.swift */; };
/* End PBXBuildFile section */

/* Begin PBXContainerItemProxy section */
		CE48D36C2386C7C000B03DDA /* PBXContainerItemProxy */ = {
			isa = PBXContainerItemProxy;
			containerPortal = CE48D34F2386C7BE00B03DDA /* Project object */;
			proxyType = 1;
			remoteGlobalIDString = CE48D3562386C7BE00B03DDA;
			remoteInfo = Clock;
		};
		CE48D3772386C7C000B03DDA /* PBXContainerItemProxy */ = {
			isa = PBXContainerItemProxy;
			containerPortal = CE48D34F2386C7BE00B03DDA /* Project object */;
			proxyType = 1;
			remoteGlobalIDString = CE48D3562386C7BE00B03DDA;
			remoteInfo = Clock;
		};
/* End PBXContainerItemProxy section */

/* Begin PBXFileReference section */
		CE48D3572386C7BE00B03DDA /* Clock.app */ = {isa = PBXFileReference; explicitFileType = wrapper.application; includeInIndex = 0; path = Clock.app; sourceTree = BUILT_PRODUCTS_DIR; };
		CE48D35A2386C7BE00B03DDA /* AppDelegate.swift */ = {isa = PBXFileReference; lastKnownFileType = sourcecode.swift; path = AppDelegate.swift; sourceTree = "<group>"; };
		CE48D35C2386C7BE00B03DDA /* ViewController.swift */ = {isa = PBXFileReference; lastKnownFileType = sourcecode.swift; path = ViewController.swift; sourceTree = "<group>"; };
		CE48D35F2386C7BE00B03DDA /* Base */ = {isa = PBXFileReference; lastKnownFileType = file.storyboard; name = Base; path = Base.lproj/Main.storyboard; sourceTree = "<group>"; };
		CE48D3612386C7C000B03DDA /* Assets.xcassets */ = {isa = PBXFileReference; lastKnownFileType = folder.assetcatalog; path = Assets.xcassets; sourceTree = "<group>"; };
		CE48D3642386C7C000B03DDA /* Base */ = {isa = PBXFileReference; lastKnownFileType = file.storyboard; name = Base; path = Base.lproj/LaunchScreen.storyboard; sourceTree = "<group>"; };
		CE48D3662386C7C000B03DDA /* Info.plist */ = {isa = PBXFileReference; lastKnownFileType = text.plist.xml; path = Info.plist; sourceTree = "<group>"; };
		CE48D36B2386C7C000B03DDA /* ClockTests.xctest */ = {isa = PBXFileReference; explicitFileType = wrapper.cfbundle; includeInIndex = 0; path = ClockTests.xctest; sourceTree = BUILT_PRODUCTS_DIR; };
		CE48D36F2386C7C000B03DDA /* ClockTests.swift */ = {isa = PBXFileReference; lastKnownFileType = sourcecode.swift; path = ClockTests.swift; sourceTree = "<group>"; };
		CE48D3712386C7C000B03DDA /* Info.plist */ = {isa = PBXFileReference; lastKnownFileType = text.plist.xml; path = Info.plist; sourceTree = "<group>"; };
		CE48D3762386C7C000B03DDA /* ClockUITests.xctest */ = {isa = PBXFileReference; explicitFileType = wrapper.cfbundle; includeInIndex = 0; path = ClockUITests.xctest; sourceTree = BUILT_PRODUCTS_DIR; };
		CE48D37A2386C7C000B03DDA /* ClockUITests.swift */ = {isa = PBXFileReference; lastKnownFileType = sourcecode.swift; path = ClockUITests.swift; sourceTree = "<group>"; };
		CE48D37C2386C7C000B03DDA /* Info.plist */ = {isa = PBXFileReference; lastKnownFileType = text.plist.xml; path = Info.plist; sourceTree = "<group>"; };
/* End PBXFileReference section */

/* Begin PBXFrameworksBuildPhase section */
		CE48D3542386C7BE00B03DDA /* Frameworks */ = {
			isa = PBXFrameworksBuildPhase;
			buildActionMask = 2147483647;
			files = (
			);
			runOnlyForDeploymentPostprocessing = 0;
		};
		CE48D3682386C7C000B03DDA /* Frameworks */ = {
			isa = PBXFrameworksBuildPhase;
			buildActionMask = 2147483647;
			files = (
			);
			runOnlyForDeploymentPostprocessing = 0;
		};
		CE48D3732386C7C000B03DDA /* Frameworks */ = {
			isa = PBXFrameworksBuildPhase;
			buildActionMask = 2147483647;
			files = (
			);
			runOnlyForDeploymentPostprocessing = 0;
		};
/* End PBXFrameworksBuildPhase section */

/* Begin PBXGroup section */
		CE48D34E2386C7BE00B03DDA = {
			isa = PBXGroup;
			children = (
				CE48D3592386C7BE00B03DDA /* Clock */,
				CE48D36E2386C7C000B03DDA /* ClockTests */,
				CE48D3792386C7C000B03DDA /* ClockUITests */,
				CE48D3582386C7BE00B03DDA /* Products */,
			);
			sourceTree = "<group>";
		};
		CE48D3582386C7BE00B03DDA /* Products */ = {
			isa = PBXGroup;
			children = (
				CE48D3572386C7BE00B03DDA /* Clock.app */,
				CE48D36B2386C7C000B03DDA /* ClockTests.xctest */,
				CE48D3762386C7C000B03DDA /* ClockUITests.xctest */,
			);
			name = Products;
			sourceTree = "<group>";
		};
		CE48D3592386C7BE00B03DDA /* Clock */ = {
			isa = PBXGroup;
			children = (
				CE48D35A2386C7BE00B03DDA /* AppDelegate.swift */,
				CE48D35C2386C7BE00B03DDA /* ViewController.swift */,
				CE48D35E2386C7BE00B03DDA /* Main.storyboard */,
				CE48D3612386C7C000B03DDA /* Assets.xcassets */,
				CE48D3632386C7C000B03DDA /* LaunchScreen.storyboard */,
				CE48D3662386C7C000B03DDA /* Info.plist */,
			);
			path = Clock;
			sourceTree = "<group>";
		};
		CE48D36E2386C7C000B03DDA /* ClockTests */ = {
			isa = PBXGroup;
			children = (
				CE48D36F2386C7C000B03DDA /* ClockTests.swift */,
				CE48D3712386C7C000B03DDA /* Info.plist */,
			);
			path = ClockTests;
			sourceTree = "<group>";
		};
		CE48D3792386C7C000B03DDA /* ClockUITests */ = {
			isa = PBXGroup;
			children = (
				CE48D37A2386C7C000B03DDA /* ClockUITests.swift */,
				CE48D37C2386C7C000B03DDA /* Info.plist */,
			);
			path = ClockUITests;
			sourceTree = "<group>";
		};
/* End PBXGroup section */

/* Begin PBXNativeTarget section */
		CE48D3562386C7BE00B03DDA /* Clock */ = {
			isa = PBXNativeTarget;
			buildConfigurationList = CE48D37F2386C7C000B03DDA /* Build configuration list for PBXNativeTarget "Clock" */;
			buildPhases = (
				CE48D3532386C7BE00B03DDA /* Sources */,
				CE48D3542386C7BE00B03DDA /* Frameworks */,
				CE48D3552386C7BE00B03DDA /* Resources */,
			);
			buildRules = (
			);
			dependencies = (
			);
			name = Clock;
			productName = Clock;
			productReference = CE48D3572386C7BE00B03DDA /* Clock.app */;
			productType = "com.apple.product-type.application";
		};
		CE48D36A2386C7C000B03DDA /* ClockTests */ = {
			isa = PBXNativeTarget;
			buildConfigurationList = CE48D3822386C7C000B03DDA /* Build configuration list for PBXNativeTarget "ClockTests" */;
			buildPhases = (
				CE48D3672386C7C000B03DDA /* Sources */,
				CE48D3682386C7C000B03DDA /* Frameworks */,
				CE48D3692386C7C000B03DDA /* Resources */,
			);
			buildRules = (
			);
			dependencies = (
				CE48D36D2386C7C000B03DDA /* PBXTargetDependency */,
			);
			name = ClockTests;
			productName = ClockTests;
			productReference = CE48D36B2386C7C000B03DDA /* ClockTests.xctest */;
			productType = "com.apple.product-type.bundle.unit-test";
		};
		CE48D3752386C7C000B03DDA /* ClockUITests */ = {
			isa = PBXNativeTarget;
			buildConfigurationList = CE48D3852386C7C000B03DDA /* Build configuration list for PBXNativeTarget "ClockUITests" */;
			buildPhases = (
				CE48D3722386C7C000B03DDA /* Sources */,
				CE48D3732386C7C000B03DDA /* Frameworks */,
				CE48D3742386C7C000B03DDA /* Resources */,
			);
			buildRules = (
			);
			dependencies = (
				CE48D3782386C7C000B03DDA /* PBXTargetDependency */,
			);
			name = ClockUITests;
			productName = ClockUITests;
			productReference = CE48D3762386C7C000B03DDA /* ClockUITests.xctest */;
			productType = "com.apple.product-type.bundle.ui-testing";
		};
/* End PBXNativeTarget section */

/* Begin PBXProject section */
		CE48D34F2386C7BE00B03DDA /* Project object */ = {
			isa = PBXProject;
			attributes = {
				LastSwiftUpdateCheck = 1030;
				LastUpgradeCheck = 1030;
				ORGANIZATIONNAME = AirBeans5956;
				TargetAttributes = {
					CE48D3562386C7BE00B03DDA = {
						CreatedOnToolsVersion = 10.3;
					};
					CE48D36A2386C7C000B03DDA = {
						CreatedOnToolsVersion = 10.3;
						TestTargetID = CE48D3562386C7BE00B03DDA;
					};
					CE48D3752386C7C000B03DDA = {
						CreatedOnToolsVersion = 10.3;
						TestTargetID = CE48D3562386C7BE00B03DDA;
					};
				};
			};
			buildConfigurationList = CE48D3522386C7BE00B03DDA /* Build configuration list for PBXProject "Clock" */;
			compatibilityVersion = "Xcode 9.3";
			developmentRegion = en;
			hasScannedForEncodings = 0;
			knownRegions = (
				en,
				Base,
			);
			mainGroup = CE48D34E2386C7BE00B03DDA;
			productRefGroup = CE48D3582386C7BE00B03DDA /* Products */;
			projectDirPath = "";
			projectRoot = "";
			targets = (
				CE48D3562386C7BE00B03DDA /* Clock */,
				CE48D36A2386C7C000B03DDA /* ClockTests */,
				CE48D3752386C7C000B03DDA /* ClockUITests */,
			);
		};
/* End PBXProject section */

/* Begin PBXResourcesBuildPhase section */
		CE48D3552386C7BE00B03DDA /* Resources */ = {
			isa = PBXResourcesBuildPhase;
			buildActionMask = 2147483647;
			files = (
				CE48D3652386C7C000B03DDA /* LaunchScreen.storyboard in Resources */,
				CE48D3622386C7C000B03DDA /* Assets.xcassets in Resources */,
				CE48D3602386C7BE00B03DDA /* Main.storyboard in Resources */,
			);
			runOnlyForDeploymentPostprocessing = 0;
		};
		CE48D3692386C7C000B03DDA /* Resources */ = {
			isa = PBXResourcesBuildPhase;
			buildActionMask = 2147483647;
			files = (
			);
			runOnlyForDeploymentPostprocessing = 0;
		};
		CE48D3742386C7C000B03DDA /* Resources */ = {
			isa = PBXResourcesBuildPhase;
			buildActionMask = 2147483647;
			files = (
			);
			runOnlyForDeploymentPostprocessing = 0;
		};
/* End PBXResourcesBuildPhase section */

/* Begin PBXSourcesBuildPhase section */
		CE48D3532386C7BE00B03DDA /* Sources */ = {
			isa = PBXSourcesBuildPhase;
			buildActionMask = 2147483647;
			files = (
				CE48D35D2386C7BE00B03DDA /* ViewController.swift in Sources */,
				CE48D35B2386C7BE00B03DDA /* AppDelegate.swift in Sources */,
			);
			runOnlyForDeploymentPostprocessing = 0;
		};
		CE48D3672386C7C000B03DDA /* Sources */ = {
			isa = PBXSourcesBuildPhase;
			buildActionMask = 2147483647;
			files = (
				CE48D3702386C7C000B03DDA /* ClockTests.swift in Sources */,
			);
			runOnlyForDeploymentPostprocessing = 0;
		};
		CE48D3722386C7C000B03DDA /* Sources */ = {
			isa = PBXSourcesBuildPhase;
			buildActionMask = 2147483647;
			files = (
				CE48D37B2386C7C000B03DDA /* ClockUITests.swift in Sources */,
			);
			runOnlyForDeploymentPostprocessing = 0;
		};
/* End PBXSourcesBuildPhase section */

/* Begin PBXTargetDependency section */
		CE48D36D2386C7C000B03DDA /* PBXTargetDependency */ = {
			isa = PBXTargetDependency;
			target = CE48D3562386C7BE00B03DDA /* Clock */;
			targetProxy = CE48D36C2386C7C000B03DDA /* PBXContainerItemProxy */;
		};
		CE48D3782386C7C000B03DDA /* PBXTargetDependency */ = {
			isa = PBXTargetDependency;
			target = CE48D3562386C7BE00B03DDA /* Clock */;
			targetProxy = CE48D3772386C7C000B03DDA /* PBXContainerItemProxy */;
		};
/* End PBXTargetDependency section */

/* Begin PBXVariantGroup section */
		CE48D35E2386C7BE00B03DDA /* Main.storyboard */ = {
			isa = PBXVariantGroup;
			children = (
				CE48D35F2386C7BE00B03DDA /* Base */,
			);
			name = Main.storyboard;
			sourceTree = "<group>";
		};
		CE48D3632386C7C000B03DDA /* LaunchScreen.storyboard */ = {
			isa = PBXVariantGroup;
			children = (
				CE48D3642386C7C000B03DDA /* Base */,
			);
			name = LaunchScreen.storyboard;
			sourceTree = "<group>";
		};
/* End PBXVariantGroup section */

/* Begin XCBuildConfiguration section */
		CE48D37D2386C7C000B03DDA /* Debug */ = {
			isa = XCBuildConfiguration;
			buildSettings = {
				ALWAYS_SEARCH_USER_PATHS = NO;
				CLANG_ANALYZER_NONNULL = YES;
				CLANG_ANALYZER_NUMBER_OBJECT_CONVERSION = YES_AGGRESSIVE;
				CLANG_CXX_LANGUAGE_STANDARD = "gnu++14";
				CLANG_CXX_LIBRARY = "libc++";
				CLANG_ENABLE_MODULES = YES;
				CLANG_ENABLE_OBJC_ARC = YES;
				CLANG_ENABLE_OBJC_WEAK = YES;
				CLANG_WARN_BLOCK_CAPTURE_AUTORELEASING = YES;
				CLANG_WARN_BOOL_CONVERSION = YES;
				CLANG_WARN_COMMA = YES;
				CLANG_WARN_CONSTANT_CONVERSION = YES;
				CLANG_WARN_DEPRECATED_OBJC_IMPLEMENTATIONS = YES;
				CLANG_WARN_DIRECT_OBJC_ISA_USAGE = YES_ERROR;
				CLANG_WARN_DOCUMENTATION_COMMENTS = YES;
				CLANG_WARN_EMPTY_BODY = YES;
				CLANG_WARN_ENUM_CONVERSION = YES;
				CLANG_WARN_INFINITE_RECURSION = YES;
				CLANG_WARN_INT_CONVERSION = YES;
				CLANG_WARN_NON_LITERAL_NULL_CONVERSION = YES;
				CLANG_WARN_OBJC_IMPLICIT_RETAIN_SELF = YES;
				CLANG_WARN_OBJC_LITERAL_CONVERSION = YES;
				CLANG_WARN_OBJC_ROOT_CLASS = YES_ERROR;
				CLANG_WARN_RANGE_LOOP_ANALYSIS = YES;
				CLANG_WARN_STRICT_PROTOTYPES = YES;
				CLANG_WARN_SUSPICIOUS_MOVE = YES;
				CLANG_WARN_UNGUARDED_AVAILABILITY = YES_AGGRESSIVE;
				CLANG_WARN_UNREACHABLE_CODE = YES;
				CLANG_WARN__DUPLICATE_METHOD_MATCH = YES;
				CODE_SIGN_IDENTITY = "iPhone Developer";
				COPY_PHASE_STRIP = NO;
				DEBUG_INFORMATION_FORMAT = dwarf;
				ENABLE_STRICT_OBJC_MSGSEND = YES;
				ENABLE_TESTABILITY = YES;
				GCC_C_LANGUAGE_STANDARD = gnu11;
				GCC_DYNAMIC_NO_PIC = NO;
				GCC_NO_COMMON_BLOCKS = YES;
				GCC_OPTIMIZATION_LEVEL = 0;
				GCC_PREPROCESSOR_DEFINITIONS = (
					"DEBUG=1",
					"$(inherited)",
				);
				GCC_WARN_64_TO_32_BIT_CONVERSION = YES;
				GCC_WARN_ABOUT_RETURN_TYPE = YES_ERROR;
				GCC_WARN_UNDECLARED_SELECTOR = YES;
				GCC_WARN_UNINITIALIZED_AUTOS = YES_AGGRESSIVE;
				GCC_WARN_UNUSED_FUNCTION = YES;
				GCC_WARN_UNUSED_VARIABLE = YES;
				IPHONEOS_DEPLOYMENT_TARGET = 12.4;
				MTL_ENABLE_DEBUG_INFO = INCLUDE_SOURCE;
				MTL_FAST_MATH = YES;
				ONLY_ACTIVE_ARCH = YES;
				SDKROOT = iphoneos;
				SWIFT_ACTIVE_COMPILATION_CONDITIONS = DEBUG;
				SWIFT_OPTIMIZATION_LEVEL = "-Onone";
			};
			name = Debug;
		};
		CE48D37E2386C7C000B03DDA /* Release */ = {
			isa = XCBuildConfiguration;
			buildSettings = {
				ALWAYS_SEARCH_USER_PATHS = NO;
				CLANG_ANALYZER_NONNULL = YES;
				CLANG_ANALYZER_NUMBER_OBJECT_CONVERSION = YES_AGGRESSIVE;
				CLANG_CXX_LANGUAGE_STANDARD = "gnu++14";
				CLANG_CXX_LIBRARY = "libc++";
				CLANG_ENABLE_MODULES = YES;
				CLANG_ENABLE_OBJC_ARC = YES;
				CLANG_ENABLE_OBJC_WEAK = YES;
				CLANG_WARN_BLOCK_CAPTURE_AUTORELEASING = YES;
				CLANG_WARN_BOOL_CONVERSION = YES;
				CLANG_WARN_COMMA = YES;
				CLANG_WARN_CONSTANT_CONVERSION = YES;
				CLANG_WARN_DEPRECATED_OBJC_IMPLEMENTATIONS = YES;
				CLANG_WARN_DIRECT_OBJC_ISA_USAGE = YES_ERROR;
				CLANG_WARN_DOCUMENTATION_COMMENTS = YES;
				CLANG_WARN_EMPTY_BODY = YES;
				CLANG_WARN_ENUM_CONVERSION = YES;
				CLANG_WARN_INFINITE_RECURSION = YES;
				CLANG_WARN_INT_CONVERSION = YES;
				CLANG_WARN_NON_LITERAL_NULL_CONVERSION = YES;
				CLANG_WARN_OBJC_IMPLICIT_RETAIN_SELF = YES;
				CLANG_WARN_OBJC_LITERAL_CONVERSION = YES;
				CLANG_WARN_OBJC_ROOT_CLASS = YES_ERROR;
				CLANG_WARN_RANGE_LOOP_ANALYSIS = YES;
				CLANG_WARN_STRICT_PROTOTYPES = YES;
				CLANG_WARN_SUSPICIOUS_MOVE = YES;
				CLANG_WARN_UNGUARDED_AVAILABILITY = YES_AGGRESSIVE;
				CLANG_WARN_UNREACHABLE_CODE = YES;
				CLANG_WARN__DUPLICATE_METHOD_MATCH = YES;
				CODE_SIGN_IDENTITY = "iPhone Developer";
				COPY_PHASE_STRIP = NO;
				DEBUG_INFORMATION_FORMAT = "dwarf-with-dsym";
				ENABLE_NS_ASSERTIONS = NO;
				ENABLE_STRICT_OBJC_MSGSEND = YES;
				GCC_C_LANGUAGE_STANDARD = gnu11;
				GCC_NO_COMMON_BLOCKS = YES;
				GCC_WARN_64_TO_32_BIT_CONVERSION = YES;
				GCC_WARN_ABOUT_RETURN_TYPE = YES_ERROR;
				GCC_WARN_UNDECLARED_SELECTOR = YES;
				GCC_WARN_UNINITIALIZED_AUTOS = YES_AGGRESSIVE;
				GCC_WARN_UNUSED_FUNCTION = YES;
				GCC_WARN_UNUSED_VARIABLE = YES;
				IPHONEOS_DEPLOYMENT_TARGET = 12.4;
				MTL_ENABLE_DEBUG_INFO = NO;
				MTL_FAST_MATH = YES;
				SDKROOT = iphoneos;
				SWIFT_COMPILATION_MODE = wholemodule;
				SWIFT_OPTIMIZATION_LEVEL = "-O";
				VALIDATE_PRODUCT = YES;
			};
			name = Release;
		};
		CE48D3802386C7C000B03DDA /* Debug */ = {
			isa = XCBuildConfiguration;
			buildSettings = {
				ASSETCATALOG_COMPILER_APPICON_NAME = AppIcon;
				CODE_SIGN_STYLE = Automatic;
				INFOPLIST_FILE = Clock/Info.plist;
				LD_RUNPATH_SEARCH_PATHS = (
					"$(inherited)",
					"@executable_path/Frameworks",
				);
				PRODUCT_BUNDLE_IDENTIFIER = jp.ne.airbeans5956.Clock;
				PRODUCT_NAME = "$(TARGET_NAME)";
				SWIFT_VERSION = 5.0;
				TARGETED_DEVICE_FAMILY = "1,2";
			};
			name = Debug;
		};
		CE48D3812386C7C000B03DDA /* Release */ = {
			isa = XCBuildConfiguration;
			buildSettings = {
				ASSETCATALOG_COMPILER_APPICON_NAME = AppIcon;
				CODE_SIGN_STYLE = Automatic;
				INFOPLIST_FILE = Clock/Info.plist;
				LD_RUNPATH_SEARCH_PATHS = (
					"$(inherited)",
					"@executable_path/Frameworks",
				);
				PRODUCT_BUNDLE_IDENTIFIER = jp.ne.airbeans5956.Clock;
				PRODUCT_NAME = "$(TARGET_NAME)";
				SWIFT_VERSION = 5.0;
				TARGETED_DEVICE_FAMILY = "1,2";
			};
			name = Release;
		};
		CE48D3832386C7C000B03DDA /* Debug */ = {
			isa = XCBuildConfiguration;
			buildSettings = {
				ALWAYS_EMBED_SWIFT_STANDARD_LIBRARIES = YES;
				BUNDLE_LOADER = "$(TEST_HOST)";
				CODE_SIGN_STYLE = Automatic;
				INFOPLIST_FILE = ClockTests/Info.plist;
				LD_RUNPATH_SEARCH_PATHS = (
					"$(inherited)",
					"@executable_path/Frameworks",
					"@loader_path/Frameworks",
				);
				PRODUCT_BUNDLE_IDENTIFIER = jp.ne.airbeans5956.ClockTests;
				PRODUCT_NAME = "$(TARGET_NAME)";
				SWIFT_VERSION = 5.0;
				TARGETED_DEVICE_FAMILY = "1,2";
				TEST_HOST = "$(BUILT_PRODUCTS_DIR)/Clock.app/Clock";
			};
			name = Debug;
		};
		CE48D3842386C7C000B03DDA /* Release */ = {
			isa = XCBuildConfiguration;
			buildSettings = {
				ALWAYS_EMBED_SWIFT_STANDARD_LIBRARIES = YES;
				BUNDLE_LOADER = "$(TEST_HOST)";
				CODE_SIGN_STYLE = Automatic;
				INFOPLIST_FILE = ClockTests/Info.plist;
				LD_RUNPATH_SEARCH_PATHS = (
					"$(inherited)",
					"@executable_path/Frameworks",
					"@loader_path/Frameworks",
				);
				PRODUCT_BUNDLE_IDENTIFIER = jp.ne.airbeans5956.ClockTests;
				PRODUCT_NAME = "$(TARGET_NAME)";
				SWIFT_VERSION = 5.0;
				TARGETED_DEVICE_FAMILY = "1,2";
				TEST_HOST = "$(BUILT_PRODUCTS_DIR)/Clock.app/Clock";
			};
			name = Release;
		};
		CE48D3862386C7C000B03DDA /* Debug */ = {
			isa = XCBuildConfiguration;
			buildSettings = {
				ALWAYS_EMBED_SWIFT_STANDARD_LIBRARIES = YES;
				CODE_SIGN_STYLE = Automatic;
				INFOPLIST_FILE = ClockUITests/Info.plist;
				LD_RUNPATH_SEARCH_PATHS = (
					"$(inherited)",
					"@executable_path/Frameworks",
					"@loader_path/Frameworks",
				);
				PRODUCT_BUNDLE_IDENTIFIER = jp.ne.airbeans5956.ClockUITests;
				PRODUCT_NAME = "$(TARGET_NAME)";
				SWIFT_VERSION = 5.0;
				TARGETED_DEVICE_FAMILY = "1,2";
				TEST_TARGET_NAME = Clock;
			};
			name = Debug;
		};
		CE48D3872386C7C000B03DDA /* Release */ = {
			isa = XCBuildConfiguration;
			buildSettings = {
				ALWAYS_EMBED_SWIFT_STANDARD_LIBRARIES = YES;
				CODE_SIGN_STYLE = Automatic;
				INFOPLIST_FILE = ClockUITests/Info.plist;
				LD_RUNPATH_SEARCH_PATHS = (
					"$(inherited)",
					"@executable_path/Frameworks",
					"@loader_path/Frameworks",
				);
				PRODUCT_BUNDLE_IDENTIFIER = jp.ne.airbeans5956.ClockUITests;
				PRODUCT_NAME = "$(TARGET_NAME)";
				SWIFT_VERSION = 5.0;
				TARGETED_DEVICE_FAMILY = "1,2";
				TEST_TARGET_NAME = Clock;
			};
			name = Release;
		};
/* End XCBuildConfiguration section */

/* Begin XCConfigurationList section */
		CE48D3522386C7BE00B03DDA /* Build configuration list for PBXProject "Clock" */ = {
			isa = XCConfigurationList;
			buildConfigurations = (
				CE48D37D2386C7C000B03DDA /* Debug */,
				CE48D37E2386C7C000B03DDA /* Release */,
			);
			defaultConfigurationIsVisible = 0;
			defaultConfigurationName = Release;
		};
		CE48D37F2386C7C000B03DDA /* Build configuration list for PBXNativeTarget "Clock" */ = {
			isa = XCConfigurationList;
			buildConfigurations = (
				CE48D3802386C7C000B03DDA /* Debug */,
				CE48D3812386C7C000B03DDA /* Release */,
			);
			defaultConfigurationIsVisible = 0;
			defaultConfigurationName = Release;
		};
		CE48D3822386C7C000B03DDA /* Build configuration list for PBXNativeTarget "ClockTests" */ = {
			isa = XCConfigurationList;
			buildConfigurations = (
				CE48D3832386C7C000B03DDA /* Debug */,
				CE48D3842386C7C000B03DDA /* Release */,
			);
			defaultConfigurationIsVisible = 0;
			defaultConfigurationName = Release;
		};
		CE48D3852386C7C000B03DDA /* Build configuration list for PBXNativeTarget "ClockUITests" */ = {
			isa = XCConfigurationList;
			buildConfigurations = (
				CE48D3862386C7C000B03DDA /* Debug */,
				CE48D3872386C7C000B03DDA /* Release */,
			);
			defaultConfigurationIsVisible = 0;
			defaultConfigurationName = Release;
		};
/* End XCConfigurationList section */
	};
	rootObject = CE48D34F2386C7BE00B03DDA /* Project object */;
}
